
Microsoft Visual Studio Solution File, Format Version 12.00
# Visual Studio Version 17
VisualStudioVersion = 17.5.33103.201
MinimumVisualStudioVersion = 10.0.40219.1
Project("{FAE04EC0-301F-11D3-BF4B-00C04F79EFBC}") = "P122_W23_Lecture_1", "P122_W23_Lecture_1.csproj", "{A2476B0E-EE20-481C-A378-2CCF48EE9C5B}"
EndProject
Global
	GlobalSection(SolutionConfigurationPlatforms) = preSolution
		Debug|Any CPU = Debug|Any CPU
		Release|Any CPU = Release|Any CPU
	EndGlobalSection
	GlobalSection(ProjectConfigurationPlatforms) = postSolution
		{A2476B0E-EE20-481C-A378-2CCF48EE9C5B}.Debug|Any CPU.ActiveCfg = Debug|Any CPU
		{A2476B0E-EE20-481C-A378-2CCF48EE9C5B}.Debug|Any CPU.Build.0 = Debug|Any CPU
		{A2476B0E-EE20-481C-A378-2CCF48EE9C5B}.Release|Any CPU.ActiveCfg = Release|Any CPU
		{A2476B0E-EE20-481C-A378-2CCF48EE9C5B}.Release|Any CPU.Build.0 = Release|Any CPU
	EndGlobalSection
	GlobalSection(SolutionProperties) = preSolution
		HideSolutionNode = FALSE
	EndGlobalSection
	GlobalSection(ExtensibilityGlobals) = postSolution
		SolutionGuid = {332E5B28-0F68-420A-B5BF-A430A21E41D0}
	EndGlobalSection
EndGlobal
